// !$*UTF8*$!
{
	archiveVersion = 1;
	classes = {
	};
	objectVersion = 56;
	objects = {

/* Begin PBXBuildFile section */
		948ACDC129EAE0A90033EB9A /* AppDelegate.swift in Sources */ = {isa = PBXBuildFile; fileRef = 948ACDC029EAE0A90033EB9A /* AppDelegate.swift */; };
		948ACDC329EAE0A90033EB9A /* SceneDelegate.swift in Sources */ = {isa = PBXBuildFile; fileRef = 948ACDC229EAE0A90033EB9A /* SceneDelegate.swift */; };
		948ACDC529EAE0A90033EB9A /* ViewController.swift in Sources */ = {isa = PBXBuildFile; fileRef = 948ACDC429EAE0A90033EB9A /* ViewController.swift */; };
		948ACDC829EAE0A90033EB9A /* Main.storyboard in Resources */ = {isa = PBXBuildFile; fileRef = 948ACDC629EAE0A90033EB9A /* Main.storyboard */; };
		948ACDCA29EAE0AB0033EB9A /* Assets.xcassets in Resources */ = {isa = PBXBuildFile; fileRef = 948ACDC929EAE0AB0033EB9A /* Assets.xcassets */; };
		948ACDCD29EAE0AB0033EB9A /* LaunchScreen.storyboard in Resources */ = {isa = PBXBuildFile; fileRef = 948ACDCB29EAE0AB0033EB9A /* LaunchScreen.storyboard */; };
		948ACDD829EAE2510033EB9A /* Main Model.swift in Sources */ = {isa = PBXBuildFile; fileRef = 948ACDD729EAE2510033EB9A /* Main Model.swift */; };
		948ACDDA29EAE62C0033EB9A /* Extension.swift in Sources */ = {isa = PBXBuildFile; fileRef = 948ACDD929EAE62C0033EB9A /* Extension.swift */; };
/* End PBXBuildFile section */

/* Begin PBXFileReference section */
		948ACDBD29EAE0A90033EB9A /* Module_10.app */ = {isa = PBXFileReference; explicitFileType = wrapper.application; includeInIndex = 0; path = Module_10.app; sourceTree = BUILT_PRODUCTS_DIR; };
		948ACDC029EAE0A90033EB9A /* AppDelegate.swift */ = {isa = PBXFileReference; lastKnownFileType = sourcecode.swift; path = AppDelegate.swift; sourceTree = "<group>"; };
		948ACDC229EAE0A90033EB9A /* SceneDelegate.swift */ = {isa = PBXFileReference; lastKnownFileType = sourcecode.swift; path = SceneDelegate.swift; sourceTree = "<group>"; };
		948ACDC429EAE0A90033EB9A /* ViewController.swift */ = {isa = PBXFileReference; lastKnownFileType = sourcecode.swift; path = ViewController.swift; sourceTree = "<group>"; };
		948ACDC729EAE0A90033EB9A /* Base */ = {isa = PBXFileReference; lastKnownFileType = file.storyboard; name = Base; path = Base.lproj/Main.storyboard; sourceTree = "<group>"; };
		948ACDC929EAE0AB0033EB9A /* Assets.xcassets */ = {isa = PBXFileReference; lastKnownFileType = folder.assetcatalog; path = Assets.xcassets; sourceTree = "<group>"; };
		948ACDCC29EAE0AB0033EB9A /* Base */ = {isa = PBXFileReference; lastKnownFileType = file.storyboard; name = Base; path = Base.lproj/LaunchScreen.storyboard; sourceTree = "<group>"; };
		948ACDCE29EAE0AB0033EB9A /* Info.plist */ = {isa = PBXFileReference; lastKnownFileType = text.plist.xml; path = Info.plist; sourceTree = "<group>"; };
		948ACDD729EAE2510033EB9A /* Main Model.swift */ = {isa = PBXFileReference; lastKnownFileType = sourcecode.swift; path = "Main Model.swift"; sourceTree = "<group>"; };
		948ACDD929EAE62C0033EB9A /* Extension.swift */ = {isa = PBXFileReference; lastKnownFileType = sourcecode.swift; path = Extension.swift; sourceTree = "<group>"; };
/* End PBXFileReference section */

/* Begin PBXFrameworksBuildPhase section */
		948ACDBA29EAE0A90033EB9A /* Frameworks */ = {
			isa = PBXFrameworksBuildPhase;
			buildActionMask = 2147483647;
			files = (
			);
			runOnlyForDeploymentPostprocessing = 0;
		};
/* End PBXFrameworksBuildPhase section */

/* Begin PBXGroup section */
		948ACDB429EAE0A90033EB9A = {
			isa = PBXGroup;
			children = (
				948ACDBF29EAE0A90033EB9A /* Module_10 */,
				948ACDBE29EAE0A90033EB9A /* Products */,
			);
			sourceTree = "<group>";
		};
		948ACDBE29EAE0A90033EB9A /* Products */ = {
			isa = PBXGroup;
			children = (
				948ACDBD29EAE0A90033EB9A /* Module_10.app */,
			);
			name = Products;
			sourceTree = "<group>";
		};
		948ACDBF29EAE0A90033EB9A /* Module_10 */ = {
			isa = PBXGroup;
			children = (
				948ACDC029EAE0A90033EB9A /* AppDelegate.swift */,
				948ACDC229EAE0A90033EB9A /* SceneDelegate.swift */,
				948ACDD629EAE23A0033EB9A /* Model */,
				948ACDD529EAE2280033EB9A /* Controller */,
				948ACDD429EAE2180033EB9A /* View */,
				948ACDC929EAE0AB0033EB9A /* Assets.xcassets */,
				948ACDCB29EAE0AB0033EB9A /* LaunchScreen.storyboard */,
				948ACDCE29EAE0AB0033EB9A /* Info.plist */,
			);
			path = Module_10;
			sourceTree = "<group>";
		};
		948ACDD429EAE2180033EB9A /* View */ = {
			isa = PBXGroup;
			children = (
				948ACDC629EAE0A90033EB9A /* Main.storyboard */,
			);
			path = View;
			sourceTree = "<group>";
		};
		948ACDD529EAE2280033EB9A /* Controller */ = {
			isa = PBXGroup;
			children = (
				948ACDC429EAE0A90033EB9A /* ViewController.swift */,
			);
			path = Controller;
			sourceTree = "<group>";
		};
		948ACDD629EAE23A0033EB9A /* Model */ = {
			isa = PBXGroup;
			children = (
				948ACDD729EAE2510033EB9A /* Main Model.swift */,
				948ACDD929EAE62C0033EB9A /* Extension.swift */,
			);
			path = Model;
			sourceTree = "<group>";
		};
/* End PBXGroup section */

/* Begin PBXNativeTarget section */
		948ACDBC29EAE0A90033EB9A /* Module_10 */ = {
			isa = PBXNativeTarget;
			buildConfigurationList = 948ACDD129EAE0AB0033EB9A /* Build configuration list for PBXNativeTarget "Module_10" */;
			buildPhases = (
				948ACDB929EAE0A90033EB9A /* Sources */,
				948ACDBA29EAE0A90033EB9A /* Frameworks */,
				948ACDBB29EAE0A90033EB9A /* Resources */,
			);
			buildRules = (
			);
			dependencies = (
			);
			name = Module_10;
			productName = Module_10;
			productReference = 948ACDBD29EAE0A90033EB9A /* Module_10.app */;
			productType = "com.apple.product-type.application";
		};
/* End PBXNativeTarget section */

/* Begin PBXProject section */
		948ACDB529EAE0A90033EB9A /* Project object */ = {
			isa = PBXProject;
			attributes = {
				BuildIndependentTargetsInParallel = 1;
				LastSwiftUpdateCheck = 1420;
				LastUpgradeCheck = 1420;
				TargetAttributes = {
					948ACDBC29EAE0A90033EB9A = {
						CreatedOnToolsVersion = 14.2;
					};
				};
			};
			buildConfigurationList = 948ACDB829EAE0A90033EB9A /* Build configuration list for PBXProject "Module_10" */;
			compatibilityVersion = "Xcode 14.0";
			developmentRegion = en;
			hasScannedForEncodings = 0;
			knownRegions = (
				en,
				Base,
			);
			mainGroup = 948ACDB429EAE0A90033EB9A;
			productRefGroup = 948ACDBE29EAE0A90033EB9A /* Products */;
			projectDirPath = "";
			projectRoot = "";
			targets = (
				948ACDBC29EAE0A90033EB9A /* Module_10 */,
			);
		};
/* End PBXProject section */

/* Begin PBXResourcesBuildPhase section */
		948ACDBB29EAE0A90033EB9A /* Resources */ = {
			isa = PBXResourcesBuildPhase;
			buildActionMask = 2147483647;
			files = (
				948ACDCD29EAE0AB0033EB9A /* LaunchScreen.storyboard in Resources */,
				948ACDCA29EAE0AB0033EB9A /* Assets.xcassets in Resources */,
				948ACDC829EAE0A90033EB9A /* Main.storyboard in Resources */,
			);
			runOnlyForDeploymentPostprocessing = 0;
		};
/* End PBXResourcesBuildPhase section */

/* Begin PBXSourcesBuildPhase section */
		948ACDB929EAE0A90033EB9A /* Sources */ = {
			isa = PBXSourcesBuildPhase;
			buildActionMask = 2147483647;
			files = (
				948ACDDA29EAE62C0033EB9A /* Extension.swift in Sources */,
				948ACDC529EAE0A90033EB9A /* ViewController.swift in Sources */,
				948ACDD829EAE2510033EB9A /* Main Model.swift in Sources */,
				948ACDC129EAE0A90033EB9A /* AppDelegate.swift in Sources */,
				948ACDC329EAE0A90033EB9A /* SceneDelegate.swift in Sources */,
			);
			runOnlyForDeploymentPostprocessing = 0;
		};
/* End PBXSourcesBuildPhase section */

/* Begin PBXVariantGroup section */
		948ACDC629EAE0A90033EB9A /* Main.storyboard */ = {
			isa = PBXVariantGroup;
			children = (
				948ACDC729EAE0A90033EB9A /* Base */,
			);
			name = Main.storyboard;
			sourceTree = "<group>";
		};
		948ACDCB29EAE0AB0033EB9A /* LaunchScreen.storyboard */ = {
			isa = PBXVariantGroup;
			children = (
				948ACDCC29EAE0AB0033EB9A /* Base */,
			);
			name = LaunchScreen.storyboard;
			sourceTree = "<group>";
		};
/* End PBXVariantGroup section */

/* Begin XCBuildConfiguration section */
		948ACDCF29EAE0AB0033EB9A /* Debug */ = {
			isa = XCBuildConfiguration;
			buildSettings = {
				ALWAYS_SEARCH_USER_PATHS = NO;
				CLANG_ANALYZER_NONNULL = YES;
				CLANG_ANALYZER_NUMBER_OBJECT_CONVERSION = YES_AGGRESSIVE;
				CLANG_CXX_LANGUAGE_STANDARD = "gnu++20";
				CLANG_ENABLE_MODULES = YES;
				CLANG_ENABLE_OBJC_ARC = YES;
				CLANG_ENABLE_OBJC_WEAK = YES;
				CLANG_WARN_BLOCK_CAPTURE_AUTORELEASING = YES;
				CLANG_WARN_BOOL_CONVERSION = YES;
				CLANG_WARN_COMMA = YES;
				CLANG_WARN_CONSTANT_CONVERSION = YES;
				CLANG_WARN_DEPRECATED_OBJC_IMPLEMENTATIONS = YES;
				CLANG_WARN_DIRECT_OBJC_ISA_USAGE = YES_ERROR;
				CLANG_WARN_DOCUMENTATION_COMMENTS = YES;
				CLANG_WARN_EMPTY_BODY = YES;
				CLANG_WARN_ENUM_CONVERSION = YES;
				CLANG_WARN_INFINITE_RECURSION = YES;
				CLANG_WARN_INT_CONVERSION = YES;
				CLANG_WARN_NON_LITERAL_NULL_CONVERSION = YES;
				CLANG_WARN_OBJC_IMPLICIT_RETAIN_SELF = YES;
				CLANG_WARN_OBJC_LITERAL_CONVERSION = YES;
				CLANG_WARN_OBJC_ROOT_CLASS = YES_ERROR;
				CLANG_WARN_QUOTED_INCLUDE_IN_FRAMEWORK_HEADER = YES;
				CLANG_WARN_RANGE_LOOP_ANALYSIS = YES;
				CLANG_WARN_STRICT_PROTOTYPES = YES;
				CLANG_WARN_SUSPICIOUS_MOVE = YES;
				CLANG_WARN_UNGUARDED_AVAILABILITY = YES_AGGRESSIVE;
				CLANG_WARN_UNREACHABLE_CODE = YES;
				CLANG_WARN__DUPLICATE_METHOD_MATCH = YES;
				COPY_PHASE_STRIP = NO;
				DEBUG_INFORMATION_FORMAT = dwarf;
				ENABLE_STRICT_OBJC_MSGSEND = YES;
				ENABLE_TESTABILITY = YES;
				GCC_C_LANGUAGE_STANDARD = gnu11;
				GCC_DYNAMIC_NO_PIC = NO;
				GCC_NO_COMMON_BLOCKS = YES;
				GCC_OPTIMIZATION_LEVEL = 0;
				GCC_PREPROCESSOR_DEFINITIONS = (
					"DEBUG=1",
					"$(inherited)",
				);
				GCC_WARN_64_TO_32_BIT_CONVERSION = YES;
				GCC_WARN_ABOUT_RETURN_TYPE = YES_ERROR;
				GCC_WARN_UNDECLARED_SELECTOR = YES;
				GCC_WARN_UNINITIALIZED_AUTOS = YES_AGGRESSIVE;
				GCC_WARN_UNUSED_FUNCTION = YES;
				GCC_WARN_UNUSED_VARIABLE = YES;
				IPHONEOS_DEPLOYMENT_TARGET = 16.2;
				MTL_ENABLE_DEBUG_INFO = INCLUDE_SOURCE;
				MTL_FAST_MATH = YES;
				ONLY_ACTIVE_ARCH = YES;
				SDKROOT = iphoneos;
				SWIFT_ACTIVE_COMPILATION_CONDITIONS = DEBUG;
				SWIFT_OPTIMIZATION_LEVEL = "-Onone";
			};
			name = Debug;
		};
		948ACDD029EAE0AB0033EB9A /* Release */ = {
			isa = XCBuildConfiguration;
			buildSettings = {
				ALWAYS_SEARCH_USER_PATHS = NO;
				CLANG_ANALYZER_NONNULL = YES;
				CLANG_ANALYZER_NUMBER_OBJECT_CONVERSION = YES_AGGRESSIVE;
				CLANG_CXX_LANGUAGE_STANDARD = "gnu++20";
				CLANG_ENABLE_MODULES = YES;
				CLANG_ENABLE_OBJC_ARC = YES;
				CLANG_ENABLE_OBJC_WEAK = YES;
				CLANG_WARN_BLOCK_CAPTURE_AUTORELEASING = YES;
				CLANG_WARN_BOOL_CONVERSION = YES;
				CLANG_WARN_COMMA = YES;
				CLANG_WARN_CONSTANT_CONVERSION = YES;
				CLANG_WARN_DEPRECATED_OBJC_IMPLEMENTATIONS = YES;
				CLANG_WARN_DIRECT_OBJC_ISA_USAGE = YES_ERROR;
				CLANG_WARN_DOCUMENTATION_COMMENTS = YES;
				CLANG_WARN_EMPTY_BODY = YES;
				CLANG_WARN_ENUM_CONVERSION = YES;
				CLANG_WARN_INFINITE_RECURSION = YES;
				CLANG_WARN_INT_CONVERSION = YES;
				CLANG_WARN_NON_LITERAL_NULL_CONVERSION = YES;
				CLANG_WARN_OBJC_IMPLICIT_RETAIN_SELF = YES;
				CLANG_WARN_OBJC_LITERAL_CONVERSION = YES;
				CLANG_WARN_OBJC_ROOT_CLASS = YES_ERROR;
				CLANG_WARN_QUOTED_INCLUDE_IN_FRAMEWORK_HEADER = YES;
				CLANG_WARN_RANGE_LOOP_ANALYSIS = YES;
				CLANG_WARN_STRICT_PROTOTYPES = YES;
				CLANG_WARN_SUSPICIOUS_MOVE = YES;
				CLANG_WARN_UNGUARDED_AVAILABILITY = YES_AGGRESSIVE;
				CLANG_WARN_UNREACHABLE_CODE = YES;
				CLANG_WARN__DUPLICATE_METHOD_MATCH = YES;
				COPY_PHASE_STRIP = NO;
				DEBUG_INFORMATION_FORMAT = "dwarf-with-dsym";
				ENABLE_NS_ASSERTIONS = NO;
				ENABLE_STRICT_OBJC_MSGSEND = YES;
				GCC_C_LANGUAGE_STANDARD = gnu11;
				GCC_NO_COMMON_BLOCKS = YES;
				GCC_WARN_64_TO_32_BIT_CONVERSION = YES;
				GCC_WARN_ABOUT_RETURN_TYPE = YES_ERROR;
				GCC_WARN_UNDECLARED_SELECTOR = YES;
				GCC_WARN_UNINITIALIZED_AUTOS = YES_AGGRESSIVE;
				GCC_WARN_UNUSED_FUNCTION = YES;
				GCC_WARN_UNUSED_VARIABLE = YES;
				IPHONEOS_DEPLOYMENT_TARGET = 16.2;
				MTL_ENABLE_DEBUG_INFO = NO;
				MTL_FAST_MATH = YES;
				SDKROOT = iphoneos;
				SWIFT_COMPILATION_MODE = wholemodule;
				SWIFT_OPTIMIZATION_LEVEL = "-O";
				VALIDATE_PRODUCT = YES;
			};
			name = Release;
		};
		948ACDD229EAE0AB0033EB9A /* Debug */ = {
			isa = XCBuildConfiguration;
			buildSettings = {
				ASSETCATALOG_COMPILER_APPICON_NAME = AppIcon;
				ASSETCATALOG_COMPILER_GLOBAL_ACCENT_COLOR_NAME = AccentColor;
				CODE_SIGN_STYLE = Automatic;
				CURRENT_PROJECT_VERSION = 1;
				DEVELOPMENT_TEAM = R9DP8RU754;
				GENERATE_INFOPLIST_FILE = YES;
				INFOPLIST_FILE = Module_10/Info.plist;
				INFOPLIST_KEY_UIApplicationSupportsIndirectInputEvents = YES;
				INFOPLIST_KEY_UILaunchStoryboardName = LaunchScreen;
				INFOPLIST_KEY_UIMainStoryboardFile = Main;
				INFOPLIST_KEY_UISupportedInterfaceOrientations_iPad = "UIInterfaceOrientationPortrait UIInterfaceOrientationPortraitUpsideDown UIInterfaceOrientationLandscapeLeft UIInterfaceOrientationLandscapeRight";
				INFOPLIST_KEY_UISupportedInterfaceOrientations_iPhone = "UIInterfaceOrientationPortrait UIInterfaceOrientationLandscapeLeft UIInterfaceOrientationLandscapeRight";
				LD_RUNPATH_SEARCH_PATHS = (
					"$(inherited)",
					"@executable_path/Frameworks",
				);
				MARKETING_VERSION = 1.0;
				PRODUCT_BUNDLE_IDENTIFIER = "potatoapp.Module-10";
				PRODUCT_NAME = "$(TARGET_NAME)";
				SWIFT_EMIT_LOC_STRINGS = YES;
				SWIFT_VERSION = 5.0;
				TARGETED_DEVICE_FAMILY = "1,2";
			};
			name = Debug;
		};
		948ACDD329EAE0AB0033EB9A /* Release */ = {
			isa = XCBuildConfiguration;
			buildSettings = {
				ASSETCATALOG_COMPILER_APPICON_NAME = AppIcon;
				ASSETCATALOG_COMPILER_GLOBAL_ACCENT_COLOR_NAME = AccentColor;
				CODE_SIGN_STYLE = Automatic;
				CURRENT_PROJECT_VERSION = 1;
				DEVELOPMENT_TEAM = R9DP8RU754;
				GENERATE_INFOPLIST_FILE = YES;
				INFOPLIST_FILE = Module_10/Info.plist;
				INFOPLIST_KEY_UIApplicationSupportsIndirectInputEvents = YES;
				INFOPLIST_KEY_UILaunchStoryboardName = LaunchScreen;
				INFOPLIST_KEY_UIMainStoryboardFile = Main;
				INFOPLIST_KEY_UISupportedInterfaceOrientations_iPad = "UIInterfaceOrientationPortrait UIInterfaceOrientationPortraitUpsideDown UIInterfaceOrientationLandscapeLeft UIInterfaceOrientationLandscapeRight";
				INFOPLIST_KEY_UISupportedInterfaceOrientations_iPhone = "UIInterfaceOrientationPortrait UIInterfaceOrientationLandscapeLeft UIInterfaceOrientationLandscapeRight";
				LD_RUNPATH_SEARCH_PATHS = (
					"$(inherited)",
					"@executable_path/Frameworks",
				);
				MARKETING_VERSION = 1.0;
				PRODUCT_BUNDLE_IDENTIFIER = "potatoapp.Module-10";
				PRODUCT_NAME = "$(TARGET_NAME)";
				SWIFT_EMIT_LOC_STRINGS = YES;
				SWIFT_VERSION = 5.0;
				TARGETED_DEVICE_FAMILY = "1,2";
			};
			name = Release;
		};
/* End XCBuildConfiguration section */

/* Begin XCConfigurationList section */
		948ACDB829EAE0A90033EB9A /* Build configuration list for PBXProject "Module_10" */ = {
			isa = XCConfigurationList;
			buildConfigurations = (
				948ACDCF29EAE0AB0033EB9A /* Debug */,
				948ACDD029EAE0AB0033EB9A /* Release */,
			);
			defaultConfigurationIsVisible = 0;
			defaultConfigurationName = Release;
		};
		948ACDD129EAE0AB0033EB9A /* Build configuration list for PBXNativeTarget "Module_10" */ = {
			isa = XCConfigurationList;
			buildConfigurations = (
				948ACDD229EAE0AB0033EB9A /* Debug */,
				948ACDD329EAE0AB0033EB9A /* Release */,
			);
			defaultConfigurationIsVisible = 0;
			defaultConfigurationName = Release;
		};
/* End XCConfigurationList section */
	};
	rootObject = 948ACDB529EAE0A90033EB9A /* Project object */;
}
